
Microsoft Visual Studio Solution File, Format Version 12.00
# Visual Studio Version 16
VisualStudioVersion = 16.0.30611.23
MinimumVisualStudioVersion = 10.0.40219.1
Project("{FAE04EC0-301F-11D3-BF4B-00C04F79EFBC}") = "ZHello", "HelloWorld\ZHello.csproj", "{DF475759-2C65-48AC-8B94-712A3525042F}"
EndProject
Project("{FAE04EC0-301F-11D3-BF4B-00C04F79EFBC}") = "WinService", "Service\WinService\WinService.csproj", "{12EF228A-F369-405F-95B2-352F9ACAC0D2}"
	ProjectSection(ProjectDependencies) = postProject
		{EF82B194-60FA-4078-9A84-B986F4D00F56} = {EF82B194-60FA-4078-9A84-B986F4D00F56}
	EndProjectSection
EndProject
Project("{2150E333-8FDC-42A3-9474-1A3956D46DE8}") = "Service", "Service", "{790EDF5F-C307-42F7-8227-CF1F3AE72501}"
EndProject
Project("{FAE04EC0-301F-11D3-BF4B-00C04F79EFBC}") = "WebService", "Service\WebService\WebService.csproj", "{EF82B194-60FA-4078-9A84-B986F4D00F56}"
EndProject
Project("{2150E333-8FDC-42A3-9474-1A3956D46DE8}") = "ORM", "ORM", "{911A6667-4E8B-4845-9A83-8ACDFAC18028}"
EndProject
Project("{FAE04EC0-301F-11D3-BF4B-00C04F79EFBC}") = "Wpf", "ORM\Wpf\Wpf.csproj", "{E276DFF2-3A0E-4806-A125-CD8E784F7223}"
EndProject
Project("{FAE04EC0-301F-11D3-BF4B-00C04F79EFBC}") = "Crawler", "Crawler\Crawler.csproj", "{E63BA06F-DDB3-4C7E-A4E6-D4A92D3D1116}"
EndProject
Project("{2150E333-8FDC-42A3-9474-1A3956D46DE8}") = "WebSocket", "WebSocket", "{AC8DF065-3200-41F1-A214-64E4A2014BC3}"
	ProjectSection(SolutionItems) = preProject
		Service\WebSocket\WebSocketClient.html = Service\WebSocket\WebSocketClient.html
		Service\WebSocket\WebSocket介绍.md = Service\WebSocket\WebSocket介绍.md
	EndProjectSection
EndProject
Project("{FAE04EC0-301F-11D3-BF4B-00C04F79EFBC}") = "WebSocketTest", "WebSocket\WebSocketTest.csproj", "{E3671361-A92C-48A5-A1BA-9EAB602C310B}"
EndProject
Project("{FAE04EC0-301F-11D3-BF4B-00C04F79EFBC}") = "ZHello.Test", "..\test\ZHello.Test\ZHello.Test.csproj", "{48452679-1277-4573-9019-B962AAC16B58}"
EndProject
Project("{2150E333-8FDC-42A3-9474-1A3956D46DE8}") = "Introp", "Introp", "{11583EED-0887-4901-ABBD-45653FAA3BC5}"
EndProject
Project("{8BC9CEB8-8B4A-11D0-8D11-00A0C91BC942}") = "Intropc", "Introp\Intropc\Intropc.vcxproj", "{8B33AFB6-0AC5-4F64-9479-5D3BE5A9D317}"
EndProject
Project("{FAE04EC0-301F-11D3-BF4B-00C04F79EFBC}") = "Intropc.Test", "..\test\Intropc.Test\Intropc.Test.csproj", "{33945C49-7CE1-4F4D-AA3E-39A7B68CD971}"
EndProject
Global
	GlobalSection(SolutionConfigurationPlatforms) = preSolution
		Debug|Any CPU = Debug|Any CPU
		Debug|ARM = Debug|ARM
		Debug|x64 = Debug|x64
		Debug|x86 = Debug|x86
		Release|Any CPU = Release|Any CPU
		Release|ARM = Release|ARM
		Release|x64 = Release|x64
		Release|x86 = Release|x86
	EndGlobalSection
	GlobalSection(ProjectConfigurationPlatforms) = postSolution
		{DF475759-2C65-48AC-8B94-712A3525042F}.Debug|Any CPU.ActiveCfg = Debug|Any CPU
		{DF475759-2C65-48AC-8B94-712A3525042F}.Debug|Any CPU.Build.0 = Debug|Any CPU
		{DF475759-2C65-48AC-8B94-712A3525042F}.Debug|ARM.ActiveCfg = Debug|Any CPU
		{DF475759-2C65-48AC-8B94-712A3525042F}.Debug|ARM.Build.0 = Debug|Any CPU
		{DF475759-2C65-48AC-8B94-712A3525042F}.Debug|x64.ActiveCfg = Debug|Any CPU
		{DF475759-2C65-48AC-8B94-712A3525042F}.Debug|x64.Build.0 = Debug|Any CPU
		{DF475759-2C65-48AC-8B94-712A3525042F}.Debug|x86.ActiveCfg = Debug|Any CPU
		{DF475759-2C65-48AC-8B94-712A3525042F}.Debug|x86.Build.0 = Debug|Any CPU
		{DF475759-2C65-48AC-8B94-712A3525042F}.Release|Any CPU.ActiveCfg = Release|Any CPU
		{DF475759-2C65-48AC-8B94-712A3525042F}.Release|Any CPU.Build.0 = Release|Any CPU
		{DF475759-2C65-48AC-8B94-712A3525042F}.Release|ARM.ActiveCfg = Release|Any CPU
		{DF475759-2C65-48AC-8B94-712A3525042F}.Release|ARM.Build.0 = Release|Any CPU
		{DF475759-2C65-48AC-8B94-712A3525042F}.Release|x64.ActiveCfg = Release|Any CPU
		{DF475759-2C65-48AC-8B94-712A3525042F}.Release|x64.Build.0 = Release|Any CPU
		{DF475759-2C65-48AC-8B94-712A3525042F}.Release|x86.ActiveCfg = Release|Any CPU
		{DF475759-2C65-48AC-8B94-712A3525042F}.Release|x86.Build.0 = Release|Any CPU
		{12EF228A-F369-405F-95B2-352F9ACAC0D2}.Debug|Any CPU.ActiveCfg = Debug|Any CPU
		{12EF228A-F369-405F-95B2-352F9ACAC0D2}.Debug|Any CPU.Build.0 = Debug|Any CPU
		{12EF228A-F369-405F-95B2-352F9ACAC0D2}.Debug|ARM.ActiveCfg = Debug|Any CPU
		{12EF228A-F369-405F-95B2-352F9ACAC0D2}.Debug|ARM.Build.0 = Debug|Any CPU
		{12EF228A-F369-405F-95B2-352F9ACAC0D2}.Debug|x64.ActiveCfg = Debug|Any CPU
		{12EF228A-F369-405F-95B2-352F9ACAC0D2}.Debug|x64.Build.0 = Debug|Any CPU
		{12EF228A-F369-405F-95B2-352F9ACAC0D2}.Debug|x86.ActiveCfg = Debug|Any CPU
		{12EF228A-F369-405F-95B2-352F9ACAC0D2}.Debug|x86.Build.0 = Debug|Any CPU
		{12EF228A-F369-405F-95B2-352F9ACAC0D2}.Release|Any CPU.ActiveCfg = Release|Any CPU
		{12EF228A-F369-405F-95B2-352F9ACAC0D2}.Release|Any CPU.Build.0 = Release|Any CPU
		{12EF228A-F369-405F-95B2-352F9ACAC0D2}.Release|ARM.ActiveCfg = Release|Any CPU
		{12EF228A-F369-405F-95B2-352F9ACAC0D2}.Release|ARM.Build.0 = Release|Any CPU
		{12EF228A-F369-405F-95B2-352F9ACAC0D2}.Release|x64.ActiveCfg = Release|Any CPU
		{12EF228A-F369-405F-95B2-352F9ACAC0D2}.Release|x64.Build.0 = Release|Any CPU
		{12EF228A-F369-405F-95B2-352F9ACAC0D2}.Release|x86.ActiveCfg = Release|Any CPU
		{12EF228A-F369-405F-95B2-352F9ACAC0D2}.Release|x86.Build.0 = Release|Any CPU
		{EF82B194-60FA-4078-9A84-B986F4D00F56}.Debug|Any CPU.ActiveCfg = Debug|Any CPU
		{EF82B194-60FA-4078-9A84-B986F4D00F56}.Debug|Any CPU.Build.0 = Debug|Any CPU
		{EF82B194-60FA-4078-9A84-B986F4D00F56}.Debug|ARM.ActiveCfg = Debug|Any CPU
		{EF82B194-60FA-4078-9A84-B986F4D00F56}.Debug|ARM.Build.0 = Debug|Any CPU
		{EF82B194-60FA-4078-9A84-B986F4D00F56}.Debug|x64.ActiveCfg = Debug|Any CPU
		{EF82B194-60FA-4078-9A84-B986F4D00F56}.Debug|x64.Build.0 = Debug|Any CPU
		{EF82B194-60FA-4078-9A84-B986F4D00F56}.Debug|x86.ActiveCfg = Debug|Any CPU
		{EF82B194-60FA-4078-9A84-B986F4D00F56}.Debug|x86.Build.0 = Debug|Any CPU
		{EF82B194-60FA-4078-9A84-B986F4D00F56}.Release|Any CPU.ActiveCfg = Release|Any CPU
		{EF82B194-60FA-4078-9A84-B986F4D00F56}.Release|Any CPU.Build.0 = Release|Any CPU
		{EF82B194-60FA-4078-9A84-B986F4D00F56}.Release|ARM.ActiveCfg = Release|Any CPU
		{EF82B194-60FA-4078-9A84-B986F4D00F56}.Release|ARM.Build.0 = Release|Any CPU
		{EF82B194-60FA-4078-9A84-B986F4D00F56}.Release|x64.ActiveCfg = Release|Any CPU
		{EF82B194-60FA-4078-9A84-B986F4D00F56}.Release|x64.Build.0 = Release|Any CPU
		{EF82B194-60FA-4078-9A84-B986F4D00F56}.Release|x86.ActiveCfg = Release|Any CPU
		{EF82B194-60FA-4078-9A84-B986F4D00F56}.Release|x86.Build.0 = Release|Any CPU
		{E276DFF2-3A0E-4806-A125-CD8E784F7223}.Debug|Any CPU.ActiveCfg = Debug|Any CPU
		{E276DFF2-3A0E-4806-A125-CD8E784F7223}.Debug|Any CPU.Build.0 = Debug|Any CPU
		{E276DFF2-3A0E-4806-A125-CD8E784F7223}.Debug|ARM.ActiveCfg = Debug|Any CPU
		{E276DFF2-3A0E-4806-A125-CD8E784F7223}.Debug|ARM.Build.0 = Debug|Any CPU
		{E276DFF2-3A0E-4806-A125-CD8E784F7223}.Debug|x64.ActiveCfg = Debug|Any CPU
		{E276DFF2-3A0E-4806-A125-CD8E784F7223}.Debug|x64.Build.0 = Debug|Any CPU
		{E276DFF2-3A0E-4806-A125-CD8E784F7223}.Debug|x86.ActiveCfg = Debug|Any CPU
		{E276DFF2-3A0E-4806-A125-CD8E784F7223}.Debug|x86.Build.0 = Debug|Any CPU
		{E276DFF2-3A0E-4806-A125-CD8E784F7223}.Release|Any CPU.ActiveCfg = Release|Any CPU
		{E276DFF2-3A0E-4806-A125-CD8E784F7223}.Release|Any CPU.Build.0 = Release|Any CPU
		{E276DFF2-3A0E-4806-A125-CD8E784F7223}.Release|ARM.ActiveCfg = Release|Any CPU
		{E276DFF2-3A0E-4806-A125-CD8E784F7223}.Release|ARM.Build.0 = Release|Any CPU
		{E276DFF2-3A0E-4806-A125-CD8E784F7223}.Release|x64.ActiveCfg = Release|Any CPU
		{E276DFF2-3A0E-4806-A125-CD8E784F7223}.Release|x64.Build.0 = Release|Any CPU
		{E276DFF2-3A0E-4806-A125-CD8E784F7223}.Release|x86.ActiveCfg = Release|Any CPU
		{E276DFF2-3A0E-4806-A125-CD8E784F7223}.Release|x86.Build.0 = Release|Any CPU
		{E63BA06F-DDB3-4C7E-A4E6-D4A92D3D1116}.Debug|Any CPU.ActiveCfg = Debug|Any CPU
		{E63BA06F-DDB3-4C7E-A4E6-D4A92D3D1116}.Debug|Any CPU.Build.0 = Debug|Any CPU
		{E63BA06F-DDB3-4C7E-A4E6-D4A92D3D1116}.Debug|ARM.ActiveCfg = Debug|Any CPU
		{E63BA06F-DDB3-4C7E-A4E6-D4A92D3D1116}.Debug|ARM.Build.0 = Debug|Any CPU
		{E63BA06F-DDB3-4C7E-A4E6-D4A92D3D1116}.Debug|x64.ActiveCfg = Debug|Any CPU
		{E63BA06F-DDB3-4C7E-A4E6-D4A92D3D1116}.Debug|x64.Build.0 = Debug|Any CPU
		{E63BA06F-DDB3-4C7E-A4E6-D4A92D3D1116}.Debug|x86.ActiveCfg = Debug|Any CPU
		{E63BA06F-DDB3-4C7E-A4E6-D4A92D3D1116}.Debug|x86.Build.0 = Debug|Any CPU
		{E63BA06F-DDB3-4C7E-A4E6-D4A92D3D1116}.Release|Any CPU.ActiveCfg = Release|Any CPU
		{E63BA06F-DDB3-4C7E-A4E6-D4A92D3D1116}.Release|Any CPU.Build.0 = Release|Any CPU
		{E63BA06F-DDB3-4C7E-A4E6-D4A92D3D1116}.Release|ARM.ActiveCfg = Release|Any CPU
		{E63BA06F-DDB3-4C7E-A4E6-D4A92D3D1116}.Release|ARM.Build.0 = Release|Any CPU
		{E63BA06F-DDB3-4C7E-A4E6-D4A92D3D1116}.Release|x64.ActiveCfg = Release|Any CPU
		{E63BA06F-DDB3-4C7E-A4E6-D4A92D3D1116}.Release|x64.Build.0 = Release|Any CPU
		{E63BA06F-DDB3-4C7E-A4E6-D4A92D3D1116}.Release|x86.ActiveCfg = Release|Any CPU
		{E63BA06F-DDB3-4C7E-A4E6-D4A92D3D1116}.Release|x86.Build.0 = Release|Any CPU
		{E3671361-A92C-48A5-A1BA-9EAB602C310B}.Debug|Any CPU.ActiveCfg = Debug|Any CPU
		{E3671361-A92C-48A5-A1BA-9EAB602C310B}.Debug|Any CPU.Build.0 = Debug|Any CPU
		{E3671361-A92C-48A5-A1BA-9EAB602C310B}.Debug|ARM.ActiveCfg = Debug|Any CPU
		{E3671361-A92C-48A5-A1BA-9EAB602C310B}.Debug|ARM.Build.0 = Debug|Any CPU
		{E3671361-A92C-48A5-A1BA-9EAB602C310B}.Debug|x64.ActiveCfg = Debug|Any CPU
		{E3671361-A92C-48A5-A1BA-9EAB602C310B}.Debug|x64.Build.0 = Debug|Any CPU
		{E3671361-A92C-48A5-A1BA-9EAB602C310B}.Debug|x86.ActiveCfg = Debug|Any CPU
		{E3671361-A92C-48A5-A1BA-9EAB602C310B}.Debug|x86.Build.0 = Debug|Any CPU
		{E3671361-A92C-48A5-A1BA-9EAB602C310B}.Release|Any CPU.ActiveCfg = Release|Any CPU
		{E3671361-A92C-48A5-A1BA-9EAB602C310B}.Release|Any CPU.Build.0 = Release|Any CPU
		{E3671361-A92C-48A5-A1BA-9EAB602C310B}.Release|ARM.ActiveCfg = Release|Any CPU
		{E3671361-A92C-48A5-A1BA-9EAB602C310B}.Release|ARM.Build.0 = Release|Any CPU
		{E3671361-A92C-48A5-A1BA-9EAB602C310B}.Release|x64.ActiveCfg = Release|Any CPU
		{E3671361-A92C-48A5-A1BA-9EAB602C310B}.Release|x64.Build.0 = Release|Any CPU
		{E3671361-A92C-48A5-A1BA-9EAB602C310B}.Release|x86.ActiveCfg = Release|Any CPU
		{E3671361-A92C-48A5-A1BA-9EAB602C310B}.Release|x86.Build.0 = Release|Any CPU
		{48452679-1277-4573-9019-B962AAC16B58}.Debug|Any CPU.ActiveCfg = Debug|Any CPU
		{48452679-1277-4573-9019-B962AAC16B58}.Debug|Any CPU.Build.0 = Debug|Any CPU
		{48452679-1277-4573-9019-B962AAC16B58}.Debug|ARM.ActiveCfg = Debug|Any CPU
		{48452679-1277-4573-9019-B962AAC16B58}.Debug|ARM.Build.0 = Debug|Any CPU
		{48452679-1277-4573-9019-B962AAC16B58}.Debug|x64.ActiveCfg = Debug|Any CPU
		{48452679-1277-4573-9019-B962AAC16B58}.Debug|x64.Build.0 = Debug|Any CPU
		{48452679-1277-4573-9019-B962AAC16B58}.Debug|x86.ActiveCfg = Debug|Any CPU
		{48452679-1277-4573-9019-B962AAC16B58}.Debug|x86.Build.0 = Debug|Any CPU
		{48452679-1277-4573-9019-B962AAC16B58}.Release|Any CPU.ActiveCfg = Release|Any CPU
		{48452679-1277-4573-9019-B962AAC16B58}.Release|Any CPU.Build.0 = Release|Any CPU
		{48452679-1277-4573-9019-B962AAC16B58}.Release|ARM.ActiveCfg = Release|Any CPU
		{48452679-1277-4573-9019-B962AAC16B58}.Release|ARM.Build.0 = Release|Any CPU
		{48452679-1277-4573-9019-B962AAC16B58}.Release|x64.ActiveCfg = Release|Any CPU
		{48452679-1277-4573-9019-B962AAC16B58}.Release|x64.Build.0 = Release|Any CPU
		{48452679-1277-4573-9019-B962AAC16B58}.Release|x86.ActiveCfg = Release|Any CPU
		{48452679-1277-4573-9019-B962AAC16B58}.Release|x86.Build.0 = Release|Any CPU
		{8B33AFB6-0AC5-4F64-9479-5D3BE5A9D317}.Debug|Any CPU.ActiveCfg = Debug|Win32
		{8B33AFB6-0AC5-4F64-9479-5D3BE5A9D317}.Debug|ARM.ActiveCfg = Debug|Win32
		{8B33AFB6-0AC5-4F64-9479-5D3BE5A9D317}.Debug|x64.ActiveCfg = Debug|x64
		{8B33AFB6-0AC5-4F64-9479-5D3BE5A9D317}.Debug|x64.Build.0 = Debug|x64
		{8B33AFB6-0AC5-4F64-9479-5D3BE5A9D317}.Debug|x86.ActiveCfg = Debug|Win32
		{8B33AFB6-0AC5-4F64-9479-5D3BE5A9D317}.Debug|x86.Build.0 = Debug|Win32
		{8B33AFB6-0AC5-4F64-9479-5D3BE5A9D317}.Release|Any CPU.ActiveCfg = Release|Win32
		{8B33AFB6-0AC5-4F64-9479-5D3BE5A9D317}.Release|ARM.ActiveCfg = Release|Win32
		{8B33AFB6-0AC5-4F64-9479-5D3BE5A9D317}.Release|x64.ActiveCfg = Release|x64
		{8B33AFB6-0AC5-4F64-9479-5D3BE5A9D317}.Release|x64.Build.0 = Release|x64
		{8B33AFB6-0AC5-4F64-9479-5D3BE5A9D317}.Release|x86.ActiveCfg = Release|Win32
		{8B33AFB6-0AC5-4F64-9479-5D3BE5A9D317}.Release|x86.Build.0 = Release|Win32
		{33945C49-7CE1-4F4D-AA3E-39A7B68CD971}.Debug|Any CPU.ActiveCfg = Debug|Any CPU
		{33945C49-7CE1-4F4D-AA3E-39A7B68CD971}.Debug|Any CPU.Build.0 = Debug|Any CPU
		{33945C49-7CE1-4F4D-AA3E-39A7B68CD971}.Debug|ARM.ActiveCfg = Debug|Any CPU
		{33945C49-7CE1-4F4D-AA3E-39A7B68CD971}.Debug|ARM.Build.0 = Debug|Any CPU
		{33945C49-7CE1-4F4D-AA3E-39A7B68CD971}.Debug|x64.ActiveCfg = Debug|Any CPU
		{33945C49-7CE1-4F4D-AA3E-39A7B68CD971}.Debug|x64.Build.0 = Debug|Any CPU
		{33945C49-7CE1-4F4D-AA3E-39A7B68CD971}.Debug|x86.ActiveCfg = Debug|Any CPU
		{33945C49-7CE1-4F4D-AA3E-39A7B68CD971}.Debug|x86.Build.0 = Debug|Any CPU
		{33945C49-7CE1-4F4D-AA3E-39A7B68CD971}.Release|Any CPU.ActiveCfg = Release|Any CPU
		{33945C49-7CE1-4F4D-AA3E-39A7B68CD971}.Release|Any CPU.Build.0 = Release|Any CPU
		{33945C49-7CE1-4F4D-AA3E-39A7B68CD971}.Release|ARM.ActiveCfg = Release|Any CPU
		{33945C49-7CE1-4F4D-AA3E-39A7B68CD971}.Release|ARM.Build.0 = Release|Any CPU
		{33945C49-7CE1-4F4D-AA3E-39A7B68CD971}.Release|x64.ActiveCfg = Release|Any CPU
		{33945C49-7CE1-4F4D-AA3E-39A7B68CD971}.Release|x64.Build.0 = Release|Any CPU
		{33945C49-7CE1-4F4D-AA3E-39A7B68CD971}.Release|x86.ActiveCfg = Release|Any CPU
		{33945C49-7CE1-4F4D-AA3E-39A7B68CD971}.Release|x86.Build.0 = Release|Any CPU
	EndGlobalSection
	GlobalSection(SolutionProperties) = preSolution
		HideSolutionNode = FALSE
	EndGlobalSection
	GlobalSection(NestedProjects) = preSolution
		{12EF228A-F369-405F-95B2-352F9ACAC0D2} = {790EDF5F-C307-42F7-8227-CF1F3AE72501}
		{EF82B194-60FA-4078-9A84-B986F4D00F56} = {790EDF5F-C307-42F7-8227-CF1F3AE72501}
		{E276DFF2-3A0E-4806-A125-CD8E784F7223} = {911A6667-4E8B-4845-9A83-8ACDFAC18028}
		{AC8DF065-3200-41F1-A214-64E4A2014BC3} = {790EDF5F-C307-42F7-8227-CF1F3AE72501}
		{E3671361-A92C-48A5-A1BA-9EAB602C310B} = {AC8DF065-3200-41F1-A214-64E4A2014BC3}
		{8B33AFB6-0AC5-4F64-9479-5D3BE5A9D317} = {11583EED-0887-4901-ABBD-45653FAA3BC5}
		{33945C49-7CE1-4F4D-AA3E-39A7B68CD971} = {11583EED-0887-4901-ABBD-45653FAA3BC5}
	EndGlobalSection
	GlobalSection(ExtensibilityGlobals) = postSolution
		SolutionGuid = {F255F2E8-C1F7-400B-BE64-60202D36778F}
	EndGlobalSection
EndGlobal
