
Microsoft Visual Studio Solution File, Format Version 12.00
# Visual Studio Version 16
VisualStudioVersion = 16.0.29519.181
MinimumVisualStudioVersion = 10.0.40219.1
Project("{FAE04EC0-301F-11D3-BF4B-00C04F79EFBC}") = "ZHello", "HelloWorld\ZHello.csproj", "{DF475759-2C65-48AC-8B94-712A3525042F}"
EndProject
Project("{2150E333-8FDC-42A3-9474-1A3956D46DE8}") = "CPlus", "CPlus", "{AA273B4F-69F7-4FE7-A068-40B6D2665F8B}"
EndProject
Project("{2150E333-8FDC-42A3-9474-1A3956D46DE8}") = "InjectDemo", "InjectDemo", "{6B9C0587-3E90-4270-B47A-0BFA43666696}"
EndProject
Project("{8BC9CEB8-8B4A-11D0-8D11-00A0C91BC942}") = "InjectDemo", "InjectDemo\InjectDemo\InjectDemo.vcxproj", "{78332936-90C5-4509-A94B-97E4F1625DA3}"
EndProject
Project("{8BC9CEB8-8B4A-11D0-8D11-00A0C91BC942}") = "NativeDll", "InjectDemo\NativeDll\NativeDll.vcxproj", "{A2705FDD-EE42-499B-80E3-B8ED7B95E046}"
EndProject
Project("{FAE04EC0-301F-11D3-BF4B-00C04F79EFBC}") = "UnitTestProject", "CPlus\UnitTestProject\UnitTestProject.csproj", "{33945C49-7CE1-4F4D-AA3E-39A7B68CD971}"
EndProject
Project("{FAE04EC0-301F-11D3-BF4B-00C04F79EFBC}") = "WinService", "Service\WinService\WinService.csproj", "{12EF228A-F369-405F-95B2-352F9ACAC0D2}"
	ProjectSection(ProjectDependencies) = postProject
		{EF82B194-60FA-4078-9A84-B986F4D00F56} = {EF82B194-60FA-4078-9A84-B986F4D00F56}
	EndProjectSection
EndProject
Project("{2150E333-8FDC-42A3-9474-1A3956D46DE8}") = "Service", "Service", "{790EDF5F-C307-42F7-8227-CF1F3AE72501}"
EndProject
Project("{FAE04EC0-301F-11D3-BF4B-00C04F79EFBC}") = "WebService", "Service\WebService\WebService.csproj", "{EF82B194-60FA-4078-9A84-B986F4D00F56}"
EndProject
Project("{2150E333-8FDC-42A3-9474-1A3956D46DE8}") = "ORM", "ORM", "{911A6667-4E8B-4845-9A83-8ACDFAC18028}"
EndProject
Project("{FAE04EC0-301F-11D3-BF4B-00C04F79EFBC}") = "Wpf", "ORM\Wpf\Wpf.csproj", "{E276DFF2-3A0E-4806-A125-CD8E784F7223}"
EndProject
Project("{FAE04EC0-301F-11D3-BF4B-00C04F79EFBC}") = "Crawler", "Crawler\Crawler.csproj", "{E63BA06F-DDB3-4C7E-A4E6-D4A92D3D1116}"
EndProject
Project("{2150E333-8FDC-42A3-9474-1A3956D46DE8}") = "WebSocket", "WebSocket", "{AC8DF065-3200-41F1-A214-64E4A2014BC3}"
	ProjectSection(SolutionItems) = preProject
		Service\WebSocket\WebSocketClient.html = Service\WebSocket\WebSocketClient.html
		Service\WebSocket\WebSocket介绍.md = Service\WebSocket\WebSocket介绍.md
	EndProjectSection
EndProject
Project("{FAE04EC0-301F-11D3-BF4B-00C04F79EFBC}") = "WebSocketTest", "WebSocket\WebSocketTest.csproj", "{E3671361-A92C-48A5-A1BA-9EAB602C310B}"
EndProject
Project("{2150E333-8FDC-42A3-9474-1A3956D46DE8}") = "MEF", "MEF", "{172363B6-EC4E-48B0-A8FB-FABF1FCFC6C5}"
EndProject
Project("{FAE04EC0-301F-11D3-BF4B-00C04F79EFBC}") = "IContract", "MEF\IContract\IContract.csproj", "{B88271EA-3640-47BD-B97A-38A9A29B55A1}"
EndProject
Project("{FAE04EC0-301F-11D3-BF4B-00C04F79EFBC}") = "Implement", "MEF\Implement\Implement.csproj", "{EE2A78E8-E143-477C-AAAC-D88FADDF5FCD}"
EndProject
Project("{2150E333-8FDC-42A3-9474-1A3956D46DE8}") = "Log", "Log", "{E9843B8B-B87A-4ADA-92AB-0FA2EFCAA225}"
EndProject
Project("{FAE04EC0-301F-11D3-BF4B-00C04F79EFBC}") = "Log", "Log\Log.csproj", "{15CDDD93-30C9-4845-AA27-147D4552070D}"
EndProject
Project("{8BC9CEB8-8B4A-11D0-8D11-00A0C91BC942}") = "HelloWorld", "CPlus\HelloWorld\HelloWorld.vcxproj", "{8B33AFB6-0AC5-4F64-9479-5D3BE5A9D317}"
EndProject
Project("{8BC9CEB8-8B4A-11D0-8D11-00A0C91BC942}") = "CPlusExperiment", "CPlus\CPlusExperiment\CPlusExperiment.vcxproj", "{6AAA7F7F-9440-4EFA-A81B-C6166BBD206B}"
EndProject
Project("{9A19103F-16F7-4668-BE54-9A1E7A4F7556}") = "ServiceStackExperiment", "Service\ServiceStackExperiment\ServiceStackExperiment.csproj", "{E2D48C25-8679-4DFF-B024-707913D66DDF}"
EndProject
Project("{2150E333-8FDC-42A3-9474-1A3956D46DE8}") = "Web", "Web", "{D89839AA-D9C4-4A6D-8A34-816B2C320D20}"
EndProject
Project("{9A19103F-16F7-4668-BE54-9A1E7A4F7556}") = "MyAspWeb", "Web\MyAspWeb\MyAspWeb.csproj", "{43400D4F-4CC6-443A-9073-BDD152DCB5C3}"
EndProject
Project("{9A19103F-16F7-4668-BE54-9A1E7A4F7556}") = "MyAspWebAPI", "Web\MyAspWebAPI\MyAspWebAPI.csproj", "{46627818-A761-4D39-9FFA-3505B1D484C7}"
EndProject
Global
	GlobalSection(SolutionConfigurationPlatforms) = preSolution
		Debug|Any CPU = Debug|Any CPU
		Debug|ARM = Debug|ARM
		Debug|x64 = Debug|x64
		Debug|x86 = Debug|x86
		Release|Any CPU = Release|Any CPU
		Release|ARM = Release|ARM
		Release|x64 = Release|x64
		Release|x86 = Release|x86
	EndGlobalSection
	GlobalSection(ProjectConfigurationPlatforms) = postSolution
		{DF475759-2C65-48AC-8B94-712A3525042F}.Debug|Any CPU.ActiveCfg = Debug|Any CPU
		{DF475759-2C65-48AC-8B94-712A3525042F}.Debug|Any CPU.Build.0 = Debug|Any CPU
		{DF475759-2C65-48AC-8B94-712A3525042F}.Debug|ARM.ActiveCfg = Debug|Any CPU
		{DF475759-2C65-48AC-8B94-712A3525042F}.Debug|ARM.Build.0 = Debug|Any CPU
		{DF475759-2C65-48AC-8B94-712A3525042F}.Debug|x64.ActiveCfg = Debug|Any CPU
		{DF475759-2C65-48AC-8B94-712A3525042F}.Debug|x64.Build.0 = Debug|Any CPU
		{DF475759-2C65-48AC-8B94-712A3525042F}.Debug|x86.ActiveCfg = Debug|Any CPU
		{DF475759-2C65-48AC-8B94-712A3525042F}.Debug|x86.Build.0 = Debug|Any CPU
		{DF475759-2C65-48AC-8B94-712A3525042F}.Release|Any CPU.ActiveCfg = Release|Any CPU
		{DF475759-2C65-48AC-8B94-712A3525042F}.Release|Any CPU.Build.0 = Release|Any CPU
		{DF475759-2C65-48AC-8B94-712A3525042F}.Release|ARM.ActiveCfg = Release|Any CPU
		{DF475759-2C65-48AC-8B94-712A3525042F}.Release|ARM.Build.0 = Release|Any CPU
		{DF475759-2C65-48AC-8B94-712A3525042F}.Release|x64.ActiveCfg = Release|Any CPU
		{DF475759-2C65-48AC-8B94-712A3525042F}.Release|x64.Build.0 = Release|Any CPU
		{DF475759-2C65-48AC-8B94-712A3525042F}.Release|x86.ActiveCfg = Release|Any CPU
		{DF475759-2C65-48AC-8B94-712A3525042F}.Release|x86.Build.0 = Release|Any CPU
		{78332936-90C5-4509-A94B-97E4F1625DA3}.Debug|Any CPU.ActiveCfg = Debug|Win32
		{78332936-90C5-4509-A94B-97E4F1625DA3}.Debug|ARM.ActiveCfg = Debug|Win32
		{78332936-90C5-4509-A94B-97E4F1625DA3}.Debug|x64.ActiveCfg = Debug|Win32
		{78332936-90C5-4509-A94B-97E4F1625DA3}.Debug|x86.ActiveCfg = Debug|Win32
		{78332936-90C5-4509-A94B-97E4F1625DA3}.Debug|x86.Build.0 = Debug|Win32
		{78332936-90C5-4509-A94B-97E4F1625DA3}.Release|Any CPU.ActiveCfg = Release|Win32
		{78332936-90C5-4509-A94B-97E4F1625DA3}.Release|ARM.ActiveCfg = Release|Win32
		{78332936-90C5-4509-A94B-97E4F1625DA3}.Release|x64.ActiveCfg = Release|Win32
		{78332936-90C5-4509-A94B-97E4F1625DA3}.Release|x86.ActiveCfg = Release|Win32
		{78332936-90C5-4509-A94B-97E4F1625DA3}.Release|x86.Build.0 = Release|Win32
		{A2705FDD-EE42-499B-80E3-B8ED7B95E046}.Debug|Any CPU.ActiveCfg = Debug|Win32
		{A2705FDD-EE42-499B-80E3-B8ED7B95E046}.Debug|ARM.ActiveCfg = Debug|Win32
		{A2705FDD-EE42-499B-80E3-B8ED7B95E046}.Debug|x64.ActiveCfg = Debug|Win32
		{A2705FDD-EE42-499B-80E3-B8ED7B95E046}.Debug|x86.ActiveCfg = Debug|Win32
		{A2705FDD-EE42-499B-80E3-B8ED7B95E046}.Debug|x86.Build.0 = Debug|Win32
		{A2705FDD-EE42-499B-80E3-B8ED7B95E046}.Release|Any CPU.ActiveCfg = Release|Win32
		{A2705FDD-EE42-499B-80E3-B8ED7B95E046}.Release|ARM.ActiveCfg = Release|Win32
		{A2705FDD-EE42-499B-80E3-B8ED7B95E046}.Release|x64.ActiveCfg = Release|Win32
		{A2705FDD-EE42-499B-80E3-B8ED7B95E046}.Release|x86.ActiveCfg = Release|Win32
		{A2705FDD-EE42-499B-80E3-B8ED7B95E046}.Release|x86.Build.0 = Release|Win32
		{33945C49-7CE1-4F4D-AA3E-39A7B68CD971}.Debug|Any CPU.ActiveCfg = Debug|Any CPU
		{33945C49-7CE1-4F4D-AA3E-39A7B68CD971}.Debug|Any CPU.Build.0 = Debug|Any CPU
		{33945C49-7CE1-4F4D-AA3E-39A7B68CD971}.Debug|ARM.ActiveCfg = Debug|Any CPU
		{33945C49-7CE1-4F4D-AA3E-39A7B68CD971}.Debug|ARM.Build.0 = Debug|Any CPU
		{33945C49-7CE1-4F4D-AA3E-39A7B68CD971}.Debug|x64.ActiveCfg = Debug|Any CPU
		{33945C49-7CE1-4F4D-AA3E-39A7B68CD971}.Debug|x64.Build.0 = Debug|Any CPU
		{33945C49-7CE1-4F4D-AA3E-39A7B68CD971}.Debug|x86.ActiveCfg = Debug|Any CPU
		{33945C49-7CE1-4F4D-AA3E-39A7B68CD971}.Debug|x86.Build.0 = Debug|Any CPU
		{33945C49-7CE1-4F4D-AA3E-39A7B68CD971}.Release|Any CPU.ActiveCfg = Release|Any CPU
		{33945C49-7CE1-4F4D-AA3E-39A7B68CD971}.Release|Any CPU.Build.0 = Release|Any CPU
		{33945C49-7CE1-4F4D-AA3E-39A7B68CD971}.Release|ARM.ActiveCfg = Release|Any CPU
		{33945C49-7CE1-4F4D-AA3E-39A7B68CD971}.Release|ARM.Build.0 = Release|Any CPU
		{33945C49-7CE1-4F4D-AA3E-39A7B68CD971}.Release|x64.ActiveCfg = Release|Any CPU
		{33945C49-7CE1-4F4D-AA3E-39A7B68CD971}.Release|x64.Build.0 = Release|Any CPU
		{33945C49-7CE1-4F4D-AA3E-39A7B68CD971}.Release|x86.ActiveCfg = Release|Any CPU
		{33945C49-7CE1-4F4D-AA3E-39A7B68CD971}.Release|x86.Build.0 = Release|Any CPU
		{12EF228A-F369-405F-95B2-352F9ACAC0D2}.Debug|Any CPU.ActiveCfg = Debug|Any CPU
		{12EF228A-F369-405F-95B2-352F9ACAC0D2}.Debug|Any CPU.Build.0 = Debug|Any CPU
		{12EF228A-F369-405F-95B2-352F9ACAC0D2}.Debug|ARM.ActiveCfg = Debug|Any CPU
		{12EF228A-F369-405F-95B2-352F9ACAC0D2}.Debug|ARM.Build.0 = Debug|Any CPU
		{12EF228A-F369-405F-95B2-352F9ACAC0D2}.Debug|x64.ActiveCfg = Debug|Any CPU
		{12EF228A-F369-405F-95B2-352F9ACAC0D2}.Debug|x64.Build.0 = Debug|Any CPU
		{12EF228A-F369-405F-95B2-352F9ACAC0D2}.Debug|x86.ActiveCfg = Debug|Any CPU
		{12EF228A-F369-405F-95B2-352F9ACAC0D2}.Debug|x86.Build.0 = Debug|Any CPU
		{12EF228A-F369-405F-95B2-352F9ACAC0D2}.Release|Any CPU.ActiveCfg = Release|Any CPU
		{12EF228A-F369-405F-95B2-352F9ACAC0D2}.Release|Any CPU.Build.0 = Release|Any CPU
		{12EF228A-F369-405F-95B2-352F9ACAC0D2}.Release|ARM.ActiveCfg = Release|Any CPU
		{12EF228A-F369-405F-95B2-352F9ACAC0D2}.Release|ARM.Build.0 = Release|Any CPU
		{12EF228A-F369-405F-95B2-352F9ACAC0D2}.Release|x64.ActiveCfg = Release|Any CPU
		{12EF228A-F369-405F-95B2-352F9ACAC0D2}.Release|x64.Build.0 = Release|Any CPU
		{12EF228A-F369-405F-95B2-352F9ACAC0D2}.Release|x86.ActiveCfg = Release|Any CPU
		{12EF228A-F369-405F-95B2-352F9ACAC0D2}.Release|x86.Build.0 = Release|Any CPU
		{EF82B194-60FA-4078-9A84-B986F4D00F56}.Debug|Any CPU.ActiveCfg = Debug|Any CPU
		{EF82B194-60FA-4078-9A84-B986F4D00F56}.Debug|Any CPU.Build.0 = Debug|Any CPU
		{EF82B194-60FA-4078-9A84-B986F4D00F56}.Debug|ARM.ActiveCfg = Debug|Any CPU
		{EF82B194-60FA-4078-9A84-B986F4D00F56}.Debug|ARM.Build.0 = Debug|Any CPU
		{EF82B194-60FA-4078-9A84-B986F4D00F56}.Debug|x64.ActiveCfg = Debug|Any CPU
		{EF82B194-60FA-4078-9A84-B986F4D00F56}.Debug|x64.Build.0 = Debug|Any CPU
		{EF82B194-60FA-4078-9A84-B986F4D00F56}.Debug|x86.ActiveCfg = Debug|Any CPU
		{EF82B194-60FA-4078-9A84-B986F4D00F56}.Debug|x86.Build.0 = Debug|Any CPU
		{EF82B194-60FA-4078-9A84-B986F4D00F56}.Release|Any CPU.ActiveCfg = Release|Any CPU
		{EF82B194-60FA-4078-9A84-B986F4D00F56}.Release|Any CPU.Build.0 = Release|Any CPU
		{EF82B194-60FA-4078-9A84-B986F4D00F56}.Release|ARM.ActiveCfg = Release|Any CPU
		{EF82B194-60FA-4078-9A84-B986F4D00F56}.Release|ARM.Build.0 = Release|Any CPU
		{EF82B194-60FA-4078-9A84-B986F4D00F56}.Release|x64.ActiveCfg = Release|Any CPU
		{EF82B194-60FA-4078-9A84-B986F4D00F56}.Release|x64.Build.0 = Release|Any CPU
		{EF82B194-60FA-4078-9A84-B986F4D00F56}.Release|x86.ActiveCfg = Release|Any CPU
		{EF82B194-60FA-4078-9A84-B986F4D00F56}.Release|x86.Build.0 = Release|Any CPU
		{E276DFF2-3A0E-4806-A125-CD8E784F7223}.Debug|Any CPU.ActiveCfg = Debug|Any CPU
		{E276DFF2-3A0E-4806-A125-CD8E784F7223}.Debug|Any CPU.Build.0 = Debug|Any CPU
		{E276DFF2-3A0E-4806-A125-CD8E784F7223}.Debug|ARM.ActiveCfg = Debug|Any CPU
		{E276DFF2-3A0E-4806-A125-CD8E784F7223}.Debug|ARM.Build.0 = Debug|Any CPU
		{E276DFF2-3A0E-4806-A125-CD8E784F7223}.Debug|x64.ActiveCfg = Debug|Any CPU
		{E276DFF2-3A0E-4806-A125-CD8E784F7223}.Debug|x64.Build.0 = Debug|Any CPU
		{E276DFF2-3A0E-4806-A125-CD8E784F7223}.Debug|x86.ActiveCfg = Debug|Any CPU
		{E276DFF2-3A0E-4806-A125-CD8E784F7223}.Debug|x86.Build.0 = Debug|Any CPU
		{E276DFF2-3A0E-4806-A125-CD8E784F7223}.Release|Any CPU.ActiveCfg = Release|Any CPU
		{E276DFF2-3A0E-4806-A125-CD8E784F7223}.Release|Any CPU.Build.0 = Release|Any CPU
		{E276DFF2-3A0E-4806-A125-CD8E784F7223}.Release|ARM.ActiveCfg = Release|Any CPU
		{E276DFF2-3A0E-4806-A125-CD8E784F7223}.Release|ARM.Build.0 = Release|Any CPU
		{E276DFF2-3A0E-4806-A125-CD8E784F7223}.Release|x64.ActiveCfg = Release|Any CPU
		{E276DFF2-3A0E-4806-A125-CD8E784F7223}.Release|x64.Build.0 = Release|Any CPU
		{E276DFF2-3A0E-4806-A125-CD8E784F7223}.Release|x86.ActiveCfg = Release|Any CPU
		{E276DFF2-3A0E-4806-A125-CD8E784F7223}.Release|x86.Build.0 = Release|Any CPU
		{E63BA06F-DDB3-4C7E-A4E6-D4A92D3D1116}.Debug|Any CPU.ActiveCfg = Debug|Any CPU
		{E63BA06F-DDB3-4C7E-A4E6-D4A92D3D1116}.Debug|Any CPU.Build.0 = Debug|Any CPU
		{E63BA06F-DDB3-4C7E-A4E6-D4A92D3D1116}.Debug|ARM.ActiveCfg = Debug|Any CPU
		{E63BA06F-DDB3-4C7E-A4E6-D4A92D3D1116}.Debug|ARM.Build.0 = Debug|Any CPU
		{E63BA06F-DDB3-4C7E-A4E6-D4A92D3D1116}.Debug|x64.ActiveCfg = Debug|Any CPU
		{E63BA06F-DDB3-4C7E-A4E6-D4A92D3D1116}.Debug|x64.Build.0 = Debug|Any CPU
		{E63BA06F-DDB3-4C7E-A4E6-D4A92D3D1116}.Debug|x86.ActiveCfg = Debug|Any CPU
		{E63BA06F-DDB3-4C7E-A4E6-D4A92D3D1116}.Debug|x86.Build.0 = Debug|Any CPU
		{E63BA06F-DDB3-4C7E-A4E6-D4A92D3D1116}.Release|Any CPU.ActiveCfg = Release|Any CPU
		{E63BA06F-DDB3-4C7E-A4E6-D4A92D3D1116}.Release|Any CPU.Build.0 = Release|Any CPU
		{E63BA06F-DDB3-4C7E-A4E6-D4A92D3D1116}.Release|ARM.ActiveCfg = Release|Any CPU
		{E63BA06F-DDB3-4C7E-A4E6-D4A92D3D1116}.Release|ARM.Build.0 = Release|Any CPU
		{E63BA06F-DDB3-4C7E-A4E6-D4A92D3D1116}.Release|x64.ActiveCfg = Release|Any CPU
		{E63BA06F-DDB3-4C7E-A4E6-D4A92D3D1116}.Release|x64.Build.0 = Release|Any CPU
		{E63BA06F-DDB3-4C7E-A4E6-D4A92D3D1116}.Release|x86.ActiveCfg = Release|Any CPU
		{E63BA06F-DDB3-4C7E-A4E6-D4A92D3D1116}.Release|x86.Build.0 = Release|Any CPU
		{E3671361-A92C-48A5-A1BA-9EAB602C310B}.Debug|Any CPU.ActiveCfg = Debug|Any CPU
		{E3671361-A92C-48A5-A1BA-9EAB602C310B}.Debug|Any CPU.Build.0 = Debug|Any CPU
		{E3671361-A92C-48A5-A1BA-9EAB602C310B}.Debug|ARM.ActiveCfg = Debug|Any CPU
		{E3671361-A92C-48A5-A1BA-9EAB602C310B}.Debug|ARM.Build.0 = Debug|Any CPU
		{E3671361-A92C-48A5-A1BA-9EAB602C310B}.Debug|x64.ActiveCfg = Debug|Any CPU
		{E3671361-A92C-48A5-A1BA-9EAB602C310B}.Debug|x64.Build.0 = Debug|Any CPU
		{E3671361-A92C-48A5-A1BA-9EAB602C310B}.Debug|x86.ActiveCfg = Debug|Any CPU
		{E3671361-A92C-48A5-A1BA-9EAB602C310B}.Debug|x86.Build.0 = Debug|Any CPU
		{E3671361-A92C-48A5-A1BA-9EAB602C310B}.Release|Any CPU.ActiveCfg = Release|Any CPU
		{E3671361-A92C-48A5-A1BA-9EAB602C310B}.Release|Any CPU.Build.0 = Release|Any CPU
		{E3671361-A92C-48A5-A1BA-9EAB602C310B}.Release|ARM.ActiveCfg = Release|Any CPU
		{E3671361-A92C-48A5-A1BA-9EAB602C310B}.Release|ARM.Build.0 = Release|Any CPU
		{E3671361-A92C-48A5-A1BA-9EAB602C310B}.Release|x64.ActiveCfg = Release|Any CPU
		{E3671361-A92C-48A5-A1BA-9EAB602C310B}.Release|x64.Build.0 = Release|Any CPU
		{E3671361-A92C-48A5-A1BA-9EAB602C310B}.Release|x86.ActiveCfg = Release|Any CPU
		{E3671361-A92C-48A5-A1BA-9EAB602C310B}.Release|x86.Build.0 = Release|Any CPU
		{B88271EA-3640-47BD-B97A-38A9A29B55A1}.Debug|Any CPU.ActiveCfg = Debug|Any CPU
		{B88271EA-3640-47BD-B97A-38A9A29B55A1}.Debug|Any CPU.Build.0 = Debug|Any CPU
		{B88271EA-3640-47BD-B97A-38A9A29B55A1}.Debug|ARM.ActiveCfg = Debug|Any CPU
		{B88271EA-3640-47BD-B97A-38A9A29B55A1}.Debug|ARM.Build.0 = Debug|Any CPU
		{B88271EA-3640-47BD-B97A-38A9A29B55A1}.Debug|x64.ActiveCfg = Debug|Any CPU
		{B88271EA-3640-47BD-B97A-38A9A29B55A1}.Debug|x64.Build.0 = Debug|Any CPU
		{B88271EA-3640-47BD-B97A-38A9A29B55A1}.Debug|x86.ActiveCfg = Debug|Any CPU
		{B88271EA-3640-47BD-B97A-38A9A29B55A1}.Debug|x86.Build.0 = Debug|Any CPU
		{B88271EA-3640-47BD-B97A-38A9A29B55A1}.Release|Any CPU.ActiveCfg = Release|Any CPU
		{B88271EA-3640-47BD-B97A-38A9A29B55A1}.Release|Any CPU.Build.0 = Release|Any CPU
		{B88271EA-3640-47BD-B97A-38A9A29B55A1}.Release|ARM.ActiveCfg = Release|Any CPU
		{B88271EA-3640-47BD-B97A-38A9A29B55A1}.Release|ARM.Build.0 = Release|Any CPU
		{B88271EA-3640-47BD-B97A-38A9A29B55A1}.Release|x64.ActiveCfg = Release|Any CPU
		{B88271EA-3640-47BD-B97A-38A9A29B55A1}.Release|x64.Build.0 = Release|Any CPU
		{B88271EA-3640-47BD-B97A-38A9A29B55A1}.Release|x86.ActiveCfg = Release|Any CPU
		{B88271EA-3640-47BD-B97A-38A9A29B55A1}.Release|x86.Build.0 = Release|Any CPU
		{EE2A78E8-E143-477C-AAAC-D88FADDF5FCD}.Debug|Any CPU.ActiveCfg = Debug|Any CPU
		{EE2A78E8-E143-477C-AAAC-D88FADDF5FCD}.Debug|Any CPU.Build.0 = Debug|Any CPU
		{EE2A78E8-E143-477C-AAAC-D88FADDF5FCD}.Debug|ARM.ActiveCfg = Debug|Any CPU
		{EE2A78E8-E143-477C-AAAC-D88FADDF5FCD}.Debug|ARM.Build.0 = Debug|Any CPU
		{EE2A78E8-E143-477C-AAAC-D88FADDF5FCD}.Debug|x64.ActiveCfg = Debug|Any CPU
		{EE2A78E8-E143-477C-AAAC-D88FADDF5FCD}.Debug|x64.Build.0 = Debug|Any CPU
		{EE2A78E8-E143-477C-AAAC-D88FADDF5FCD}.Debug|x86.ActiveCfg = Debug|Any CPU
		{EE2A78E8-E143-477C-AAAC-D88FADDF5FCD}.Debug|x86.Build.0 = Debug|Any CPU
		{EE2A78E8-E143-477C-AAAC-D88FADDF5FCD}.Release|Any CPU.ActiveCfg = Release|Any CPU
		{EE2A78E8-E143-477C-AAAC-D88FADDF5FCD}.Release|Any CPU.Build.0 = Release|Any CPU
		{EE2A78E8-E143-477C-AAAC-D88FADDF5FCD}.Release|ARM.ActiveCfg = Release|Any CPU
		{EE2A78E8-E143-477C-AAAC-D88FADDF5FCD}.Release|ARM.Build.0 = Release|Any CPU
		{EE2A78E8-E143-477C-AAAC-D88FADDF5FCD}.Release|x64.ActiveCfg = Release|Any CPU
		{EE2A78E8-E143-477C-AAAC-D88FADDF5FCD}.Release|x64.Build.0 = Release|Any CPU
		{EE2A78E8-E143-477C-AAAC-D88FADDF5FCD}.Release|x86.ActiveCfg = Release|Any CPU
		{EE2A78E8-E143-477C-AAAC-D88FADDF5FCD}.Release|x86.Build.0 = Release|Any CPU
		{15CDDD93-30C9-4845-AA27-147D4552070D}.Debug|Any CPU.ActiveCfg = Debug|Any CPU
		{15CDDD93-30C9-4845-AA27-147D4552070D}.Debug|Any CPU.Build.0 = Debug|Any CPU
		{15CDDD93-30C9-4845-AA27-147D4552070D}.Debug|ARM.ActiveCfg = Debug|Any CPU
		{15CDDD93-30C9-4845-AA27-147D4552070D}.Debug|ARM.Build.0 = Debug|Any CPU
		{15CDDD93-30C9-4845-AA27-147D4552070D}.Debug|x64.ActiveCfg = Debug|Any CPU
		{15CDDD93-30C9-4845-AA27-147D4552070D}.Debug|x64.Build.0 = Debug|Any CPU
		{15CDDD93-30C9-4845-AA27-147D4552070D}.Debug|x86.ActiveCfg = Debug|Any CPU
		{15CDDD93-30C9-4845-AA27-147D4552070D}.Debug|x86.Build.0 = Debug|Any CPU
		{15CDDD93-30C9-4845-AA27-147D4552070D}.Release|Any CPU.ActiveCfg = Release|Any CPU
		{15CDDD93-30C9-4845-AA27-147D4552070D}.Release|Any CPU.Build.0 = Release|Any CPU
		{15CDDD93-30C9-4845-AA27-147D4552070D}.Release|ARM.ActiveCfg = Release|Any CPU
		{15CDDD93-30C9-4845-AA27-147D4552070D}.Release|ARM.Build.0 = Release|Any CPU
		{15CDDD93-30C9-4845-AA27-147D4552070D}.Release|x64.ActiveCfg = Release|Any CPU
		{15CDDD93-30C9-4845-AA27-147D4552070D}.Release|x64.Build.0 = Release|Any CPU
		{15CDDD93-30C9-4845-AA27-147D4552070D}.Release|x86.ActiveCfg = Release|Any CPU
		{15CDDD93-30C9-4845-AA27-147D4552070D}.Release|x86.Build.0 = Release|Any CPU
		{8B33AFB6-0AC5-4F64-9479-5D3BE5A9D317}.Debug|Any CPU.ActiveCfg = Debug|Win32
		{8B33AFB6-0AC5-4F64-9479-5D3BE5A9D317}.Debug|ARM.ActiveCfg = Debug|Win32
		{8B33AFB6-0AC5-4F64-9479-5D3BE5A9D317}.Debug|x64.ActiveCfg = Debug|x64
		{8B33AFB6-0AC5-4F64-9479-5D3BE5A9D317}.Debug|x64.Build.0 = Debug|x64
		{8B33AFB6-0AC5-4F64-9479-5D3BE5A9D317}.Debug|x86.ActiveCfg = Debug|Win32
		{8B33AFB6-0AC5-4F64-9479-5D3BE5A9D317}.Debug|x86.Build.0 = Debug|Win32
		{8B33AFB6-0AC5-4F64-9479-5D3BE5A9D317}.Release|Any CPU.ActiveCfg = Release|Win32
		{8B33AFB6-0AC5-4F64-9479-5D3BE5A9D317}.Release|ARM.ActiveCfg = Release|Win32
		{8B33AFB6-0AC5-4F64-9479-5D3BE5A9D317}.Release|x64.ActiveCfg = Release|x64
		{8B33AFB6-0AC5-4F64-9479-5D3BE5A9D317}.Release|x64.Build.0 = Release|x64
		{8B33AFB6-0AC5-4F64-9479-5D3BE5A9D317}.Release|x86.ActiveCfg = Release|Win32
		{8B33AFB6-0AC5-4F64-9479-5D3BE5A9D317}.Release|x86.Build.0 = Release|Win32
		{6AAA7F7F-9440-4EFA-A81B-C6166BBD206B}.Debug|Any CPU.ActiveCfg = Debug|Win32
		{6AAA7F7F-9440-4EFA-A81B-C6166BBD206B}.Debug|ARM.ActiveCfg = Debug|Win32
		{6AAA7F7F-9440-4EFA-A81B-C6166BBD206B}.Debug|x64.ActiveCfg = Debug|x64
		{6AAA7F7F-9440-4EFA-A81B-C6166BBD206B}.Debug|x64.Build.0 = Debug|x64
		{6AAA7F7F-9440-4EFA-A81B-C6166BBD206B}.Debug|x86.ActiveCfg = Debug|Win32
		{6AAA7F7F-9440-4EFA-A81B-C6166BBD206B}.Debug|x86.Build.0 = Debug|Win32
		{6AAA7F7F-9440-4EFA-A81B-C6166BBD206B}.Release|Any CPU.ActiveCfg = Release|Win32
		{6AAA7F7F-9440-4EFA-A81B-C6166BBD206B}.Release|ARM.ActiveCfg = Release|Win32
		{6AAA7F7F-9440-4EFA-A81B-C6166BBD206B}.Release|x64.ActiveCfg = Release|x64
		{6AAA7F7F-9440-4EFA-A81B-C6166BBD206B}.Release|x64.Build.0 = Release|x64
		{6AAA7F7F-9440-4EFA-A81B-C6166BBD206B}.Release|x86.ActiveCfg = Release|Win32
		{6AAA7F7F-9440-4EFA-A81B-C6166BBD206B}.Release|x86.Build.0 = Release|Win32
		{E2D48C25-8679-4DFF-B024-707913D66DDF}.Debug|Any CPU.ActiveCfg = Debug|Any CPU
		{E2D48C25-8679-4DFF-B024-707913D66DDF}.Debug|Any CPU.Build.0 = Debug|Any CPU
		{E2D48C25-8679-4DFF-B024-707913D66DDF}.Debug|ARM.ActiveCfg = Debug|Any CPU
		{E2D48C25-8679-4DFF-B024-707913D66DDF}.Debug|ARM.Build.0 = Debug|Any CPU
		{E2D48C25-8679-4DFF-B024-707913D66DDF}.Debug|x64.ActiveCfg = Debug|Any CPU
		{E2D48C25-8679-4DFF-B024-707913D66DDF}.Debug|x64.Build.0 = Debug|Any CPU
		{E2D48C25-8679-4DFF-B024-707913D66DDF}.Debug|x86.ActiveCfg = Debug|Any CPU
		{E2D48C25-8679-4DFF-B024-707913D66DDF}.Debug|x86.Build.0 = Debug|Any CPU
		{E2D48C25-8679-4DFF-B024-707913D66DDF}.Release|Any CPU.ActiveCfg = Release|Any CPU
		{E2D48C25-8679-4DFF-B024-707913D66DDF}.Release|Any CPU.Build.0 = Release|Any CPU
		{E2D48C25-8679-4DFF-B024-707913D66DDF}.Release|ARM.ActiveCfg = Release|Any CPU
		{E2D48C25-8679-4DFF-B024-707913D66DDF}.Release|ARM.Build.0 = Release|Any CPU
		{E2D48C25-8679-4DFF-B024-707913D66DDF}.Release|x64.ActiveCfg = Release|Any CPU
		{E2D48C25-8679-4DFF-B024-707913D66DDF}.Release|x64.Build.0 = Release|Any CPU
		{E2D48C25-8679-4DFF-B024-707913D66DDF}.Release|x86.ActiveCfg = Release|Any CPU
		{E2D48C25-8679-4DFF-B024-707913D66DDF}.Release|x86.Build.0 = Release|Any CPU
		{43400D4F-4CC6-443A-9073-BDD152DCB5C3}.Debug|Any CPU.ActiveCfg = Debug|Any CPU
		{43400D4F-4CC6-443A-9073-BDD152DCB5C3}.Debug|Any CPU.Build.0 = Debug|Any CPU
		{43400D4F-4CC6-443A-9073-BDD152DCB5C3}.Debug|ARM.ActiveCfg = Debug|Any CPU
		{43400D4F-4CC6-443A-9073-BDD152DCB5C3}.Debug|ARM.Build.0 = Debug|Any CPU
		{43400D4F-4CC6-443A-9073-BDD152DCB5C3}.Debug|x64.ActiveCfg = Debug|Any CPU
		{43400D4F-4CC6-443A-9073-BDD152DCB5C3}.Debug|x64.Build.0 = Debug|Any CPU
		{43400D4F-4CC6-443A-9073-BDD152DCB5C3}.Debug|x86.ActiveCfg = Debug|Any CPU
		{43400D4F-4CC6-443A-9073-BDD152DCB5C3}.Debug|x86.Build.0 = Debug|Any CPU
		{43400D4F-4CC6-443A-9073-BDD152DCB5C3}.Release|Any CPU.ActiveCfg = Release|Any CPU
		{43400D4F-4CC6-443A-9073-BDD152DCB5C3}.Release|Any CPU.Build.0 = Release|Any CPU
		{43400D4F-4CC6-443A-9073-BDD152DCB5C3}.Release|ARM.ActiveCfg = Release|Any CPU
		{43400D4F-4CC6-443A-9073-BDD152DCB5C3}.Release|ARM.Build.0 = Release|Any CPU
		{43400D4F-4CC6-443A-9073-BDD152DCB5C3}.Release|x64.ActiveCfg = Release|Any CPU
		{43400D4F-4CC6-443A-9073-BDD152DCB5C3}.Release|x64.Build.0 = Release|Any CPU
		{43400D4F-4CC6-443A-9073-BDD152DCB5C3}.Release|x86.ActiveCfg = Release|Any CPU
		{43400D4F-4CC6-443A-9073-BDD152DCB5C3}.Release|x86.Build.0 = Release|Any CPU
		{46627818-A761-4D39-9FFA-3505B1D484C7}.Debug|Any CPU.ActiveCfg = Debug|Any CPU
		{46627818-A761-4D39-9FFA-3505B1D484C7}.Debug|Any CPU.Build.0 = Debug|Any CPU
		{46627818-A761-4D39-9FFA-3505B1D484C7}.Debug|ARM.ActiveCfg = Debug|Any CPU
		{46627818-A761-4D39-9FFA-3505B1D484C7}.Debug|ARM.Build.0 = Debug|Any CPU
		{46627818-A761-4D39-9FFA-3505B1D484C7}.Debug|x64.ActiveCfg = Debug|Any CPU
		{46627818-A761-4D39-9FFA-3505B1D484C7}.Debug|x64.Build.0 = Debug|Any CPU
		{46627818-A761-4D39-9FFA-3505B1D484C7}.Debug|x86.ActiveCfg = Debug|Any CPU
		{46627818-A761-4D39-9FFA-3505B1D484C7}.Debug|x86.Build.0 = Debug|Any CPU
		{46627818-A761-4D39-9FFA-3505B1D484C7}.Release|Any CPU.ActiveCfg = Release|Any CPU
		{46627818-A761-4D39-9FFA-3505B1D484C7}.Release|Any CPU.Build.0 = Release|Any CPU
		{46627818-A761-4D39-9FFA-3505B1D484C7}.Release|ARM.ActiveCfg = Release|Any CPU
		{46627818-A761-4D39-9FFA-3505B1D484C7}.Release|ARM.Build.0 = Release|Any CPU
		{46627818-A761-4D39-9FFA-3505B1D484C7}.Release|x64.ActiveCfg = Release|Any CPU
		{46627818-A761-4D39-9FFA-3505B1D484C7}.Release|x64.Build.0 = Release|Any CPU
		{46627818-A761-4D39-9FFA-3505B1D484C7}.Release|x86.ActiveCfg = Release|Any CPU
		{46627818-A761-4D39-9FFA-3505B1D484C7}.Release|x86.Build.0 = Release|Any CPU
	EndGlobalSection
	GlobalSection(SolutionProperties) = preSolution
		HideSolutionNode = FALSE
	EndGlobalSection
	GlobalSection(NestedProjects) = preSolution
		{78332936-90C5-4509-A94B-97E4F1625DA3} = {6B9C0587-3E90-4270-B47A-0BFA43666696}
		{A2705FDD-EE42-499B-80E3-B8ED7B95E046} = {6B9C0587-3E90-4270-B47A-0BFA43666696}
		{33945C49-7CE1-4F4D-AA3E-39A7B68CD971} = {AA273B4F-69F7-4FE7-A068-40B6D2665F8B}
		{12EF228A-F369-405F-95B2-352F9ACAC0D2} = {790EDF5F-C307-42F7-8227-CF1F3AE72501}
		{EF82B194-60FA-4078-9A84-B986F4D00F56} = {790EDF5F-C307-42F7-8227-CF1F3AE72501}
		{E276DFF2-3A0E-4806-A125-CD8E784F7223} = {911A6667-4E8B-4845-9A83-8ACDFAC18028}
		{AC8DF065-3200-41F1-A214-64E4A2014BC3} = {790EDF5F-C307-42F7-8227-CF1F3AE72501}
		{E3671361-A92C-48A5-A1BA-9EAB602C310B} = {AC8DF065-3200-41F1-A214-64E4A2014BC3}
		{B88271EA-3640-47BD-B97A-38A9A29B55A1} = {172363B6-EC4E-48B0-A8FB-FABF1FCFC6C5}
		{EE2A78E8-E143-477C-AAAC-D88FADDF5FCD} = {172363B6-EC4E-48B0-A8FB-FABF1FCFC6C5}
		{15CDDD93-30C9-4845-AA27-147D4552070D} = {E9843B8B-B87A-4ADA-92AB-0FA2EFCAA225}
		{8B33AFB6-0AC5-4F64-9479-5D3BE5A9D317} = {AA273B4F-69F7-4FE7-A068-40B6D2665F8B}
		{6AAA7F7F-9440-4EFA-A81B-C6166BBD206B} = {AA273B4F-69F7-4FE7-A068-40B6D2665F8B}
		{E2D48C25-8679-4DFF-B024-707913D66DDF} = {790EDF5F-C307-42F7-8227-CF1F3AE72501}
		{43400D4F-4CC6-443A-9073-BDD152DCB5C3} = {D89839AA-D9C4-4A6D-8A34-816B2C320D20}
		{46627818-A761-4D39-9FFA-3505B1D484C7} = {D89839AA-D9C4-4A6D-8A34-816B2C320D20}
	EndGlobalSection
	GlobalSection(ExtensibilityGlobals) = postSolution
		SolutionGuid = {F255F2E8-C1F7-400B-BE64-60202D36778F}
	EndGlobalSection
EndGlobal
